// !$*UTF8*$!
{
	archiveVersion = 1;
	classes = {
	};
	objectVersion = 46;
	objects = {

/* Begin PBXBuildFile section */
		BB279D411EA7B62C0095555A /* ViewController.swift in Sources */ = {isa = PBXBuildFile; fileRef = BB279D401EA7B62C0095555A /* ViewController.swift */; };
		BB50455B1EAC5BE500161BFE /* AngleInputViewController.swift in Sources */ = {isa = PBXBuildFile; fileRef = BB50455A1EAC5BE500161BFE /* AngleInputViewController.swift */; };
		BB5FF01C1EA1A92B001FF0F4 /* AppDelegate.swift in Sources */ = {isa = PBXBuildFile; fileRef = BB5FF01B1EA1A92B001FF0F4 /* AppDelegate.swift */; };
		BB5FF0211EA1A92B001FF0F4 /* Main.storyboard in Resources */ = {isa = PBXBuildFile; fileRef = BB5FF01F1EA1A92B001FF0F4 /* Main.storyboard */; };
		BB5FF0231EA1A92B001FF0F4 /* Assets.xcassets in Resources */ = {isa = PBXBuildFile; fileRef = BB5FF0221EA1A92B001FF0F4 /* Assets.xcassets */; };
		BB5FF0261EA1A92B001FF0F4 /* LaunchScreen.storyboard in Resources */ = {isa = PBXBuildFile; fileRef = BB5FF0241EA1A92B001FF0F4 /* LaunchScreen.storyboard */; };
		BB7B3A6A1EAFB20E00468ED8 /* AlertVIew.swift in Sources */ = {isa = PBXBuildFile; fileRef = BB7B3A5F1EAFB20E00468ED8 /* AlertVIew.swift */; };
		BB7B3A6B1EAFB20E00468ED8 /* Animation.swift in Sources */ = {isa = PBXBuildFile; fileRef = BB7B3A601EAFB20E00468ED8 /* Animation.swift */; };
		BB7B3A6C1EAFB20E00468ED8 /* CommonStructure.swift in Sources */ = {isa = PBXBuildFile; fileRef = BB7B3A611EAFB20E00468ED8 /* CommonStructure.swift */; };
		BB7B3A6D1EAFB20E00468ED8 /* ConversionImage.swift in Sources */ = {isa = PBXBuildFile; fileRef = BB7B3A621EAFB20E00468ED8 /* ConversionImage.swift */; };
		BB7B3A6E1EAFB20E00468ED8 /* GestureField.swift in Sources */ = {isa = PBXBuildFile; fileRef = BB7B3A631EAFB20E00468ED8 /* GestureField.swift */; };
		BB7B3A701EAFB20E00468ED8 /* LineField.swift in Sources */ = {isa = PBXBuildFile; fileRef = BB7B3A651EAFB20E00468ED8 /* LineField.swift */; };
		BB7B3A711EAFB20E00468ED8 /* Mathematics.swift in Sources */ = {isa = PBXBuildFile; fileRef = BB7B3A661EAFB20E00468ED8 /* Mathematics.swift */; };
		BB7B3A721EAFB20E00468ED8 /* SetView.swift in Sources */ = {isa = PBXBuildFile; fileRef = BB7B3A671EAFB20E00468ED8 /* SetView.swift */; };
		BB7B3A731EAFB20E00468ED8 /* TouchField.swift in Sources */ = {isa = PBXBuildFile; fileRef = BB7B3A681EAFB20E00468ED8 /* TouchField.swift */; };
		BBE318841EA960B10085E56A /* PointViewController.swift in Sources */ = {isa = PBXBuildFile; fileRef = BBE318831EA960B10085E56A /* PointViewController.swift */; };
/* End PBXBuildFile section */

/* Begin PBXCopyFilesBuildPhase section */
		BBCDF97B1EAF9F540077E270 /* Embed Frameworks */ = {
			isa = PBXCopyFilesBuildPhase;
			buildActionMask = 2147483647;
			dstPath = "";
			dstSubfolderSpec = 10;
			files = (
			);
			name = "Embed Frameworks";
			runOnlyForDeploymentPostprocessing = 0;
		};
/* End PBXCopyFilesBuildPhase section */

/* Begin PBXFileReference section */
		BB279D401EA7B62C0095555A /* ViewController.swift */ = {isa = PBXFileReference; fileEncoding = 4; lastKnownFileType = sourcecode.swift; path = ViewController.swift; sourceTree = "<group>"; };
		BB50455A1EAC5BE500161BFE /* AngleInputViewController.swift */ = {isa = PBXFileReference; fileEncoding = 4; lastKnownFileType = sourcecode.swift; path = AngleInputViewController.swift; sourceTree = "<group>"; };
		BB5FF0181EA1A92B001FF0F4 /* TransformationRay.app */ = {isa = PBXFileReference; explicitFileType = wrapper.application; includeInIndex = 0; path = TransformationRay.app; sourceTree = BUILT_PRODUCTS_DIR; };
		BB5FF01B1EA1A92B001FF0F4 /* AppDelegate.swift */ = {isa = PBXFileReference; lastKnownFileType = sourcecode.swift; path = AppDelegate.swift; sourceTree = "<group>"; };
		BB5FF0201EA1A92B001FF0F4 /* Base */ = {isa = PBXFileReference; lastKnownFileType = file.storyboard; name = Base; path = Base.lproj/Main.storyboard; sourceTree = "<group>"; };
		BB5FF0221EA1A92B001FF0F4 /* Assets.xcassets */ = {isa = PBXFileReference; lastKnownFileType = folder.assetcatalog; path = Assets.xcassets; sourceTree = "<group>"; };
		BB5FF0251EA1A92B001FF0F4 /* Base */ = {isa = PBXFileReference; lastKnownFileType = file.storyboard; name = Base; path = Base.lproj/LaunchScreen.storyboard; sourceTree = "<group>"; };
		BB5FF0271EA1A92B001FF0F4 /* Info.plist */ = {isa = PBXFileReference; lastKnownFileType = text.plist.xml; path = Info.plist; sourceTree = "<group>"; };
		BB7B3A5F1EAFB20E00468ED8 /* AlertVIew.swift */ = {isa = PBXFileReference; fileEncoding = 4; lastKnownFileType = sourcecode.swift; path = AlertVIew.swift; sourceTree = "<group>"; };
		BB7B3A601EAFB20E00468ED8 /* Animation.swift */ = {isa = PBXFileReference; fileEncoding = 4; lastKnownFileType = sourcecode.swift; path = Animation.swift; sourceTree = "<group>"; };
		BB7B3A611EAFB20E00468ED8 /* CommonStructure.swift */ = {isa = PBXFileReference; fileEncoding = 4; lastKnownFileType = sourcecode.swift; path = CommonStructure.swift; sourceTree = "<group>"; };
		BB7B3A621EAFB20E00468ED8 /* ConversionImage.swift */ = {isa = PBXFileReference; fileEncoding = 4; lastKnownFileType = sourcecode.swift; path = ConversionImage.swift; sourceTree = "<group>"; };
		BB7B3A631EAFB20E00468ED8 /* GestureField.swift */ = {isa = PBXFileReference; fileEncoding = 4; lastKnownFileType = sourcecode.swift; path = GestureField.swift; sourceTree = "<group>"; };
		BB7B3A651EAFB20E00468ED8 /* LineField.swift */ = {isa = PBXFileReference; fileEncoding = 4; lastKnownFileType = sourcecode.swift; path = LineField.swift; sourceTree = "<group>"; };
		BB7B3A661EAFB20E00468ED8 /* Mathematics.swift */ = {isa = PBXFileReference; fileEncoding = 4; lastKnownFileType = sourcecode.swift; path = Mathematics.swift; sourceTree = "<group>"; };
		BB7B3A671EAFB20E00468ED8 /* SetView.swift */ = {isa = PBXFileReference; fileEncoding = 4; lastKnownFileType = sourcecode.swift; path = SetView.swift; sourceTree = "<group>"; };
		BB7B3A681EAFB20E00468ED8 /* TouchField.swift */ = {isa = PBXFileReference; fileEncoding = 4; lastKnownFileType = sourcecode.swift; path = TouchField.swift; sourceTree = "<group>"; };
		BBE318831EA960B10085E56A /* PointViewController.swift */ = {isa = PBXFileReference; fileEncoding = 4; lastKnownFileType = sourcecode.swift; path = PointViewController.swift; sourceTree = "<group>"; };
/* End PBXFileReference section */

/* Begin PBXFrameworksBuildPhase section */
		BB5FF0151EA1A92B001FF0F4 /* Frameworks */ = {
			isa = PBXFrameworksBuildPhase;
			buildActionMask = 2147483647;
			files = (
			);
			runOnlyForDeploymentPostprocessing = 0;
		};
/* End PBXFrameworksBuildPhase section */

/* Begin PBXGroup section */
		BB5FF00F1EA1A92B001FF0F4 = {
			isa = PBXGroup;
			children = (
				BB5FF01A1EA1A92B001FF0F4 /* TransformationRay */,
				BB5FF0191EA1A92B001FF0F4 /* Products */,
			);
			sourceTree = "<group>";
		};
		BB5FF0191EA1A92B001FF0F4 /* Products */ = {
			isa = PBXGroup;
			children = (
				BB5FF0181EA1A92B001FF0F4 /* TransformationRay.app */,
			);
			name = Products;
			sourceTree = "<group>";
		};
		BB5FF01A1EA1A92B001FF0F4 /* TransformationRay */ = {
			isa = PBXGroup;
			children = (
				BB5FF01B1EA1A92B001FF0F4 /* AppDelegate.swift */,
				BB7B3A5F1EAFB20E00468ED8 /* AlertVIew.swift */,
				BB50455A1EAC5BE500161BFE /* AngleInputViewController.swift */,
				BB7B3A601EAFB20E00468ED8 /* Animation.swift */,
				BB7B3A611EAFB20E00468ED8 /* CommonStructure.swift */,
				BB7B3A621EAFB20E00468ED8 /* ConversionImage.swift */,
				BB7B3A631EAFB20E00468ED8 /* GestureField.swift */,
				BB7B3A651EAFB20E00468ED8 /* LineField.swift */,
				BB7B3A661EAFB20E00468ED8 /* Mathematics.swift */,
				BBE318831EA960B10085E56A /* PointViewController.swift */,
				BB7B3A671EAFB20E00468ED8 /* SetView.swift */,
				BB7B3A681EAFB20E00468ED8 /* TouchField.swift */,
				BB279D401EA7B62C0095555A /* ViewController.swift */,
				BB5FF0271EA1A92B001FF0F4 /* Info.plist */,
				BB5FF0221EA1A92B001FF0F4 /* Assets.xcassets */,
				BB5FF01F1EA1A92B001FF0F4 /* Main.storyboard */,
				BB5FF0241EA1A92B001FF0F4 /* LaunchScreen.storyboard */,
			);
			path = TransformationRay;
			sourceTree = "<group>";
		};
/* End PBXGroup section */

/* Begin PBXNativeTarget section */
		BB5FF0171EA1A92B001FF0F4 /* TransformationRay */ = {
			isa = PBXNativeTarget;
			buildConfigurationList = BB5FF0401EA1A92B001FF0F4 /* Build configuration list for PBXNativeTarget "TransformationRay" */;
			buildPhases = (
				BB5FF0141EA1A92B001FF0F4 /* Sources */,
				BB5FF0151EA1A92B001FF0F4 /* Frameworks */,
				BB5FF0161EA1A92B001FF0F4 /* Resources */,
				BBCDF97B1EAF9F540077E270 /* Embed Frameworks */,
			);
			buildRules = (
			);
			dependencies = (
			);
			name = TransformationRay;
			productName = TransformationRay;
			productReference = BB5FF0181EA1A92B001FF0F4 /* TransformationRay.app */;
			productType = "com.apple.product-type.application";
		};
/* End PBXNativeTarget section */

/* Begin PBXProject section */
		BB5FF0101EA1A92B001FF0F4 /* Project object */ = {
			isa = PBXProject;
			attributes = {
				LastSwiftUpdateCheck = 0830;
				LastUpgradeCheck = 0940;
				ORGANIZATIONNAME = "永田大祐";
				TargetAttributes = {
					BB5FF0171EA1A92B001FF0F4 = {
						CreatedOnToolsVersion = 8.3;
						LastSwiftMigration = 1020;
						ProvisioningStyle = Manual;
					};
				};
			};
			buildConfigurationList = BB5FF0131EA1A92B001FF0F4 /* Build configuration list for PBXProject "TransformationRay" */;
			compatibilityVersion = "Xcode 3.2";
			developmentRegion = en;
			hasScannedForEncodings = 0;
			knownRegions = (
				en,
				Base,
			);
			mainGroup = BB5FF00F1EA1A92B001FF0F4;
			productRefGroup = BB5FF0191EA1A92B001FF0F4 /* Products */;
			projectDirPath = "";
			projectRoot = "";
			targets = (
				BB5FF0171EA1A92B001FF0F4 /* TransformationRay */,
			);
		};
/* End PBXProject section */

/* Begin PBXResourcesBuildPhase section */
		BB5FF0161EA1A92B001FF0F4 /* Resources */ = {
			isa = PBXResourcesBuildPhase;
			buildActionMask = 2147483647;
			files = (
				BB5FF0261EA1A92B001FF0F4 /* LaunchScreen.storyboard in Resources */,
				BB5FF0231EA1A92B001FF0F4 /* Assets.xcassets in Resources */,
				BB5FF0211EA1A92B001FF0F4 /* Main.storyboard in Resources */,
			);
			runOnlyForDeploymentPostprocessing = 0;
		};
/* End PBXResourcesBuildPhase section */

/* Begin PBXSourcesBuildPhase section */
		BB5FF0141EA1A92B001FF0F4 /* Sources */ = {
			isa = PBXSourcesBuildPhase;
			buildActionMask = 2147483647;
			files = (
				BB7B3A6C1EAFB20E00468ED8 /* CommonStructure.swift in Sources */,
				BB7B3A6D1EAFB20E00468ED8 /* ConversionImage.swift in Sources */,
				BB5FF01C1EA1A92B001FF0F4 /* AppDelegate.swift in Sources */,
				BBE318841EA960B10085E56A /* PointViewController.swift in Sources */,
				BB7B3A711EAFB20E00468ED8 /* Mathematics.swift in Sources */,
				BB279D411EA7B62C0095555A /* ViewController.swift in Sources */,
				BB7B3A6E1EAFB20E00468ED8 /* GestureField.swift in Sources */,
				BB7B3A721EAFB20E00468ED8 /* SetView.swift in Sources */,
				BB7B3A701EAFB20E00468ED8 /* LineField.swift in Sources */,
				BB50455B1EAC5BE500161BFE /* AngleInputViewController.swift in Sources */,
				BB7B3A731EAFB20E00468ED8 /* TouchField.swift in Sources */,
				BB7B3A6B1EAFB20E00468ED8 /* Animation.swift in Sources */,
				BB7B3A6A1EAFB20E00468ED8 /* AlertVIew.swift in Sources */,
			);
			runOnlyForDeploymentPostprocessing = 0;
		};
/* End PBXSourcesBuildPhase section */

/* Begin PBXVariantGroup section */
		BB5FF01F1EA1A92B001FF0F4 /* Main.storyboard */ = {
			isa = PBXVariantGroup;
			children = (
				BB5FF0201EA1A92B001FF0F4 /* Base */,
			);
			name = Main.storyboard;
			sourceTree = "<group>";
		};
		BB5FF0241EA1A92B001FF0F4 /* LaunchScreen.storyboard */ = {
			isa = PBXVariantGroup;
			children = (
				BB5FF0251EA1A92B001FF0F4 /* Base */,
			);
			name = LaunchScreen.storyboard;
			sourceTree = "<group>";
		};
/* End PBXVariantGroup section */

/* Begin XCBuildConfiguration section */
		BB5FF03E1EA1A92B001FF0F4 /* Debug */ = {
			isa = XCBuildConfiguration;
			buildSettings = {
				ALWAYS_SEARCH_USER_PATHS = NO;
				CLANG_ANALYZER_NONNULL = YES;
				CLANG_ANALYZER_NUMBER_OBJECT_CONVERSION = YES_AGGRESSIVE;
				CLANG_CXX_LANGUAGE_STANDARD = "gnu++0x";
				CLANG_CXX_LIBRARY = "libc++";
				CLANG_ENABLE_MODULES = YES;
				CLANG_ENABLE_OBJC_ARC = YES;
				CLANG_WARN_BLOCK_CAPTURE_AUTORELEASING = YES;
				CLANG_WARN_BOOL_CONVERSION = YES;
				CLANG_WARN_COMMA = YES;
				CLANG_WARN_CONSTANT_CONVERSION = YES;
				CLANG_WARN_DEPRECATED_OBJC_IMPLEMENTATIONS = YES;
				CLANG_WARN_DIRECT_OBJC_ISA_USAGE = YES_ERROR;
				CLANG_WARN_DOCUMENTATION_COMMENTS = YES;
				CLANG_WARN_EMPTY_BODY = YES;
				CLANG_WARN_ENUM_CONVERSION = YES;
				CLANG_WARN_INFINITE_RECURSION = YES;
				CLANG_WARN_INT_CONVERSION = YES;
				CLANG_WARN_NON_LITERAL_NULL_CONVERSION = YES;
				CLANG_WARN_OBJC_IMPLICIT_RETAIN_SELF = YES;
				CLANG_WARN_OBJC_LITERAL_CONVERSION = YES;
				CLANG_WARN_OBJC_ROOT_CLASS = YES_ERROR;
				CLANG_WARN_RANGE_LOOP_ANALYSIS = YES;
				CLANG_WARN_STRICT_PROTOTYPES = YES;
				CLANG_WARN_SUSPICIOUS_MOVE = YES;
				CLANG_WARN_UNREACHABLE_CODE = YES;
				CLANG_WARN__DUPLICATE_METHOD_MATCH = YES;
				"CODE_SIGN_IDENTITY[sdk=iphoneos*]" = "iPhone Developer";
				COPY_PHASE_STRIP = NO;
				DEBUG_INFORMATION_FORMAT = dwarf;
				ENABLE_STRICT_OBJC_MSGSEND = YES;
				ENABLE_TESTABILITY = YES;
				GCC_C_LANGUAGE_STANDARD = gnu99;
				GCC_DYNAMIC_NO_PIC = NO;
				GCC_NO_COMMON_BLOCKS = YES;
				GCC_OPTIMIZATION_LEVEL = 0;
				GCC_PREPROCESSOR_DEFINITIONS = (
					"DEBUG=1",
					"$(inherited)",
				);
				GCC_WARN_64_TO_32_BIT_CONVERSION = YES;
				GCC_WARN_ABOUT_RETURN_TYPE = YES_ERROR;
				GCC_WARN_UNDECLARED_SELECTOR = YES;
				GCC_WARN_UNINITIALIZED_AUTOS = YES_AGGRESSIVE;
				GCC_WARN_UNUSED_FUNCTION = YES;
				GCC_WARN_UNUSED_VARIABLE = YES;
				IPHONEOS_DEPLOYMENT_TARGET = 13.0;
				MTL_ENABLE_DEBUG_INFO = YES;
				ONLY_ACTIVE_ARCH = YES;
				SDKROOT = iphoneos;
				SWIFT_ACTIVE_COMPILATION_CONDITIONS = DEBUG;
				SWIFT_OPTIMIZATION_LEVEL = "-Onone";
				TARGETED_DEVICE_FAMILY = "1,2";
			};
			name = Debug;
		};
		BB5FF03F1EA1A92B001FF0F4 /* Release */ = {
			isa = XCBuildConfiguration;
			buildSettings = {
				ALWAYS_SEARCH_USER_PATHS = NO;
				CLANG_ANALYZER_NONNULL = YES;
				CLANG_ANALYZER_NUMBER_OBJECT_CONVERSION = YES_AGGRESSIVE;
				CLANG_CXX_LANGUAGE_STANDARD = "gnu++0x";
				CLANG_CXX_LIBRARY = "libc++";
				CLANG_ENABLE_MODULES = YES;
				CLANG_ENABLE_OBJC_ARC = YES;
				CLANG_WARN_BLOCK_CAPTURE_AUTORELEASING = YES;
				CLANG_WARN_BOOL_CONVERSION = YES;
				CLANG_WARN_COMMA = YES;
				CLANG_WARN_CONSTANT_CONVERSION = YES;
				CLANG_WARN_DEPRECATED_OBJC_IMPLEMENTATIONS = YES;
				CLANG_WARN_DIRECT_OBJC_ISA_USAGE = YES_ERROR;
				CLANG_WARN_DOCUMENTATION_COMMENTS = YES;
				CLANG_WARN_EMPTY_BODY = YES;
				CLANG_WARN_ENUM_CONVERSION = YES;
				CLANG_WARN_INFINITE_RECURSION = YES;
				CLANG_WARN_INT_CONVERSION = YES;
				CLANG_WARN_NON_LITERAL_NULL_CONVERSION = YES;
				CLANG_WARN_OBJC_IMPLICIT_RETAIN_SELF = YES;
				CLANG_WARN_OBJC_LITERAL_CONVERSION = YES;
				CLANG_WARN_OBJC_ROOT_CLASS = YES_ERROR;
				CLANG_WARN_RANGE_LOOP_ANALYSIS = YES;
				CLANG_WARN_STRICT_PROTOTYPES = YES;
				CLANG_WARN_SUSPICIOUS_MOVE = YES;
				CLANG_WARN_UNREACHABLE_CODE = YES;
				CLANG_WARN__DUPLICATE_METHOD_MATCH = YES;
				"CODE_SIGN_IDENTITY[sdk=iphoneos*]" = "iPhone Developer";
				COPY_PHASE_STRIP = NO;
				DEBUG_INFORMATION_FORMAT = "dwarf-with-dsym";
				ENABLE_NS_ASSERTIONS = NO;
				ENABLE_STRICT_OBJC_MSGSEND = YES;
				GCC_C_LANGUAGE_STANDARD = gnu99;
				GCC_NO_COMMON_BLOCKS = YES;
				GCC_WARN_64_TO_32_BIT_CONVERSION = YES;
				GCC_WARN_ABOUT_RETURN_TYPE = YES_ERROR;
				GCC_WARN_UNDECLARED_SELECTOR = YES;
				GCC_WARN_UNINITIALIZED_AUTOS = YES_AGGRESSIVE;
				GCC_WARN_UNUSED_FUNCTION = YES;
				GCC_WARN_UNUSED_VARIABLE = YES;
				IPHONEOS_DEPLOYMENT_TARGET = 13.0;
				MTL_ENABLE_DEBUG_INFO = NO;
				SDKROOT = iphoneos;
				SWIFT_OPTIMIZATION_LEVEL = "-Owholemodule";
				TARGETED_DEVICE_FAMILY = "1,2";
				VALIDATE_PRODUCT = YES;
			};
			name = Release;
		};
		BB5FF0411EA1A92B001FF0F4 /* Debug */ = {
			isa = XCBuildConfiguration;
			buildSettings = {
				ASSETCATALOG_COMPILER_APPICON_NAME = AppIcon;
				CODE_SIGN_IDENTITY = "Apple Development";
				CODE_SIGN_STYLE = Manual;
				DEVELOPMENT_TEAM = "";
				INFOPLIST_FILE = TransformationRay/Info.plist;
				IPHONEOS_DEPLOYMENT_TARGET = 13.0;
				LD_RUNPATH_SEARCH_PATHS = "$(inherited) @executable_path/Frameworks";
				PRODUCT_BUNDLE_IDENTIFIER = readJson.TransformationRay;
				PRODUCT_NAME = "$(TARGET_NAME)";
				PROVISIONING_PROFILE_SPECIFIER = "";
				SWIFT_VERSION = 5.0;
			};
			name = Debug;
		};
		BB5FF0421EA1A92B001FF0F4 /* Release */ = {
			isa = XCBuildConfiguration;
			buildSettings = {
				ASSETCATALOG_COMPILER_APPICON_NAME = AppIcon;
				CODE_SIGN_IDENTITY = "Apple Development";
				CODE_SIGN_STYLE = Manual;
				DEVELOPMENT_TEAM = "";
				INFOPLIST_FILE = TransformationRay/Info.plist;
				IPHONEOS_DEPLOYMENT_TARGET = 13.0;
				LD_RUNPATH_SEARCH_PATHS = "$(inherited) @executable_path/Frameworks";
				PRODUCT_BUNDLE_IDENTIFIER = readJson.TransformationRay;
				PRODUCT_NAME = "$(TARGET_NAME)";
				PROVISIONING_PROFILE_SPECIFIER = "";
				SWIFT_VERSION = 5.0;
			};
			name = Release;
		};
/* End XCBuildConfiguration section */

/* Begin XCConfigurationList section */
		BB5FF0131EA1A92B001FF0F4 /* Build configuration list for PBXProject "TransformationRay" */ = {
			isa = XCConfigurationList;
			buildConfigurations = (
				BB5FF03E1EA1A92B001FF0F4 /* Debug */,
				BB5FF03F1EA1A92B001FF0F4 /* Release */,
			);
			defaultConfigurationIsVisible = 0;
			defaultConfigurationName = Release;
		};
		BB5FF0401EA1A92B001FF0F4 /* Build configuration list for PBXNativeTarget "TransformationRay" */ = {
			isa = XCConfigurationList;
			buildConfigurations = (
				BB5FF0411EA1A92B001FF0F4 /* Debug */,
				BB5FF0421EA1A92B001FF0F4 /* Release */,
			);
			defaultConfigurationIsVisible = 0;
			defaultConfigurationName = Release;
		};
/* End XCConfigurationList section */
	};
	rootObject = BB5FF0101EA1A92B001FF0F4 /* Project object */;
}
